
Microsoft Visual Studio Solution File, Format Version 12.00
# Visual Studio Version 17
VisualStudioVersion = 17.9.34728.123
MinimumVisualStudioVersion = 10.0.40219.1
Project("{9A19103F-16F7-4668-BE54-9A1E7A4F7556}") = "Services", "Services\Services.csproj", "{199885DC-6EC2-4A4E-B8D9-42536C834A2E}"
EndProject
Project("{9A19103F-16F7-4668-BE54-9A1E7A4F7556}") = "Repository", "Repository\Repository.csproj", "{C907BF02-3DA2-4C74-8696-B4E51EE5441E}"
EndProject
Project("{9A19103F-16F7-4668-BE54-9A1E7A4F7556}") = "Consola", "Consola\Consola.csproj", "{74CCDA62-1DF6-48A3-B834-0693C1C010F2}"
EndProject
Global
	GlobalSection(SolutionConfigurationPlatforms) = preSolution
		Debug|Any CPU = Debug|Any CPU
		Release|Any CPU = Release|Any CPU
	EndGlobalSection
	GlobalSection(ProjectConfigurationPlatforms) = postSolution
		{199885DC-6EC2-4A4E-B8D9-42536C834A2E}.Debug|Any CPU.ActiveCfg = Debug|Any CPU
		{199885DC-6EC2-4A4E-B8D9-42536C834A2E}.Debug|Any CPU.Build.0 = Debug|Any CPU
		{199885DC-6EC2-4A4E-B8D9-42536C834A2E}.Release|Any CPU.ActiveCfg = Release|Any CPU
		{199885DC-6EC2-4A4E-B8D9-42536C834A2E}.Release|Any CPU.Build.0 = Release|Any CPU
		{C907BF02-3DA2-4C74-8696-B4E51EE5441E}.Debug|Any CPU.ActiveCfg = Debug|Any CPU
		{C907BF02-3DA2-4C74-8696-B4E51EE5441E}.Debug|Any CPU.Build.0 = Debug|Any CPU
		{C907BF02-3DA2-4C74-8696-B4E51EE5441E}.Release|Any CPU.ActiveCfg = Release|Any CPU
		{C907BF02-3DA2-4C74-8696-B4E51EE5441E}.Release|Any CPU.Build.0 = Release|Any CPU
		{74CCDA62-1DF6-48A3-B834-0693C1C010F2}.Debug|Any CPU.ActiveCfg = Debug|Any CPU
		{74CCDA62-1DF6-48A3-B834-0693C1C010F2}.Debug|Any CPU.Build.0 = Debug|Any CPU
		{74CCDA62-1DF6-48A3-B834-0693C1C010F2}.Release|Any CPU.ActiveCfg = Release|Any CPU
		{74CCDA62-1DF6-48A3-B834-0693C1C010F2}.Release|Any CPU.Build.0 = Release|Any CPU
	EndGlobalSection
	GlobalSection(SolutionProperties) = preSolution
		HideSolutionNode = FALSE
	EndGlobalSection
	GlobalSection(ExtensibilityGlobals) = postSolution
		SolutionGuid = {F8718B7D-EADC-4844-98C3-EAB8EC62305C}
	EndGlobalSection
EndGlobal
